
Microsoft Visual Studio Solution File, Format Version 11.00
# Visual Studio 2010
Project("{FAE04EC0-301F-11D3-BF4B-00C04F79EFBC}") = "Domain", "src\Domain\Domain.csproj", "{C188A45B-368E-43DB-A971-7DB00E73A539}"
EndProject
Project("{FAE04EC0-301F-11D3-BF4B-00C04F79EFBC}") = "Web", "src\Web\Web.csproj", "{47607EA5-4205-4A72-85C3-1FB67FE1E994}"
EndProject
Project("{FAE04EC0-301F-11D3-BF4B-00C04F79EFBC}") = "Service", "src\Service\Service.csproj", "{70B628CC-DCA7-4965-A23C-B92D68507C9A}"
EndProject
Global
	GlobalSection(SolutionConfigurationPlatforms) = preSolution
		Debug|Any CPU = Debug|Any CPU
		Release|Any CPU = Release|Any CPU
	EndGlobalSection
	GlobalSection(ProjectConfigurationPlatforms) = postSolution
		{C188A45B-368E-43DB-A971-7DB00E73A539}.Debug|Any CPU.ActiveCfg = Debug|Any CPU
		{C188A45B-368E-43DB-A971-7DB00E73A539}.Debug|Any CPU.Build.0 = Debug|Any CPU
		{C188A45B-368E-43DB-A971-7DB00E73A539}.Release|Any CPU.ActiveCfg = Release|Any CPU
		{C188A45B-368E-43DB-A971-7DB00E73A539}.Release|Any CPU.Build.0 = Release|Any CPU
		{47607EA5-4205-4A72-85C3-1FB67FE1E994}.Debug|Any CPU.ActiveCfg = Debug|Any CPU
		{47607EA5-4205-4A72-85C3-1FB67FE1E994}.Debug|Any CPU.Build.0 = Debug|Any CPU
		{47607EA5-4205-4A72-85C3-1FB67FE1E994}.Release|Any CPU.ActiveCfg = Release|Any CPU
		{47607EA5-4205-4A72-85C3-1FB67FE1E994}.Release|Any CPU.Build.0 = Release|Any CPU
		{70B628CC-DCA7-4965-A23C-B92D68507C9A}.Debug|Any CPU.ActiveCfg = Debug|Any CPU
		{70B628CC-DCA7-4965-A23C-B92D68507C9A}.Debug|Any CPU.Build.0 = Debug|Any CPU
		{70B628CC-DCA7-4965-A23C-B92D68507C9A}.Release|Any CPU.ActiveCfg = Release|Any CPU
		{70B628CC-DCA7-4965-A23C-B92D68507C9A}.Release|Any CPU.Build.0 = Release|Any CPU
	EndGlobalSection
	GlobalSection(SolutionProperties) = preSolution
		HideSolutionNode = FALSE
	EndGlobalSection
EndGlobal
